schema: '2.0'
stages:
  etl:
    cmd: python etl/etl.py
    deps:
    - path: data/raw/amazon_alexa.tsv
      hash: md5
      md5: 2ce1e90c5614728cf808101f222eccaf
      size: 514752
    - path: etl/etl.py
      hash: md5
      md5: 1b48913c0af71016c5867abbb7535ecf
      size: 4263
  train:
    cmd: python ml/train.py
    deps:
    - path: data/dst
      hash: md5
      md5: 44314a42881d0fb8a26f494661b97d04.dir
      size: 32934157
      nfiles: 9
    - path: ml/train.py
      hash: md5
      md5: 543831b7959ff9a576c8b957c76fd34e
      size: 2777
    - path: model/nbm_sentiment_analysis.pkl
      hash: md5
      md5: 6e8eeb3bb92ea438b2ea558a6ad2f0d8
      size: 95444472
  evaluate:
    cmd: python ml/evaluate.py
    deps:
    - path: data/dst
      hash: md5
      md5: 44314a42881d0fb8a26f494661b97d04.dir
      size: 32934157
      nfiles: 9
    - path: ml/evaluate.py
      hash: md5
      md5: 29ad3a640f11ba3d350fba567bd3d250
      size: 2041
    - path: model
      hash: md5
      md5: e958dd4d32c5eb6351c7947656cc1eaf.dir
      size: 95444595
      nfiles: 3
    outs:
    - path: dvclive/metrics.json
      hash: md5
      md5: 7ebd61e02f6d68913d2e5029b9ee03d7
      size: 43
  monitoring:
    cmd: python vis/monitoring.py
    deps:
    - path: data/dst
      hash: md5
      md5: 44314a42881d0fb8a26f494661b97d04.dir
      size: 32934157
      nfiles: 9
    - path: model
      hash: md5
      md5: e958dd4d32c5eb6351c7947656cc1eaf.dir
      size: 95444595
      nfiles: 3
    - path: vis/monitoring.py
      hash: md5
      md5: e55b6409258857ce973608483f7285f7
      size: 5651
  test:
    cmd: pipenv run pytest tests/
