schema: '2.0'
stages:
  etl:
    cmd: python etl/etl.py
    deps:
    - path: data/raw/amazon_alexa.tsv
      hash: md5
      md5: 2ce1e90c5614728cf808101f222eccaf
      size: 514752
    - path: etl/etl.py
      hash: md5
      md5: 0606795353695ffa3e6ac5b1ce63a7a1
      size: 4133
  train:
    cmd: python ml/train.py
    deps:
    - path: data/dst
      hash: md5
      md5: ecb73379006eaf447c6dd019023ffd48.dir
      size: 32933721
      nfiles: 4
    - path: ml/train.py
      hash: md5
      md5: dd6228b65035e8b5c4d2ebc45f7af9e0
      size: 2767
  evaluate:
    cmd: python ml/evaluate.py
    deps:
    - path: ml/evaluate.py
      hash: md5
      md5: 1bf7c6011c9b4b021e1aa39e77a0686d
      size: 2074
    outs:
    - path: dvclive/metrics.json
      hash: md5
      md5: b38d6f9cce7d9797da7ab954e671d357
      size: 43
  monitoring:
    cmd: python vis/monitoring.py
  test:
    cmd: poetry run pytest tests/
